
Microsoft Visual Studio Solution File, Format Version 12.00
# Visual Studio 15
VisualStudioVersion = 15.0.27130.0
MinimumVisualStudioVersion = 10.0.40219.1
Project("{8BC9CEB8-8B4A-11D0-8D11-00A0C91BC942}") = "DWCLI", "DWCLI\DWCLI.vcxproj", "{AFD88EAC-E919-4968-B439-A01D71C05293}"
EndProject
Project("{8BC9CEB8-8B4A-11D0-8D11-00A0C91BC942}") = "DWCore", "DWCore\DWCore.vcxproj", "{262CB8A7-3E24-45F9-9B8C-759ED81368A9}"
EndProject
Project("{8BC9CEB8-8B4A-11D0-8D11-00A0C91BC942}") = "DWCLR", "DWCLR\DWCLR.vcxproj", "{19ACA9EF-1E77-463E-8C26-5606CF2B4564}"
EndProject
Project("{FAE04EC0-301F-11D3-BF4B-00C04F79EFBC}") = "DWGUI", "DWGUI\DWGUI.csproj", "{4CE1F7E4-64B0-4C15-843A-8BA4BFF7CC54}"
EndProject
Global
	GlobalSection(SolutionConfigurationPlatforms) = preSolution
		Debug|Any CPU = Debug|Any CPU
		Debug|x64 = Debug|x64
		Debug|x86 = Debug|x86
		Release|Any CPU = Release|Any CPU
		Release|x64 = Release|x64
		Release|x86 = Release|x86
	EndGlobalSection
	GlobalSection(ProjectConfigurationPlatforms) = postSolution
		{AFD88EAC-E919-4968-B439-A01D71C05293}.Debug|Any CPU.ActiveCfg = Debug|Win32
		{AFD88EAC-E919-4968-B439-A01D71C05293}.Debug|x64.ActiveCfg = Debug|x64
		{AFD88EAC-E919-4968-B439-A01D71C05293}.Debug|x64.Build.0 = Debug|x64
		{AFD88EAC-E919-4968-B439-A01D71C05293}.Debug|x86.ActiveCfg = Debug|Win32
		{AFD88EAC-E919-4968-B439-A01D71C05293}.Release|Any CPU.ActiveCfg = Release|Win32
		{AFD88EAC-E919-4968-B439-A01D71C05293}.Release|x64.ActiveCfg = Release|x64
		{AFD88EAC-E919-4968-B439-A01D71C05293}.Release|x64.Build.0 = Release|x64
		{AFD88EAC-E919-4968-B439-A01D71C05293}.Release|x86.ActiveCfg = Release|Win32
		{AFD88EAC-E919-4968-B439-A01D71C05293}.Release|x86.Build.0 = Release|Win32
		{262CB8A7-3E24-45F9-9B8C-759ED81368A9}.Debug|Any CPU.ActiveCfg = Debug|Win32
		{262CB8A7-3E24-45F9-9B8C-759ED81368A9}.Debug|x64.ActiveCfg = Debug|x64
		{262CB8A7-3E24-45F9-9B8C-759ED81368A9}.Debug|x64.Build.0 = Debug|x64
		{262CB8A7-3E24-45F9-9B8C-759ED81368A9}.Debug|x86.ActiveCfg = Debug|Win32
		{262CB8A7-3E24-45F9-9B8C-759ED81368A9}.Debug|x86.Build.0 = Debug|Win32
		{262CB8A7-3E24-45F9-9B8C-759ED81368A9}.Release|Any CPU.ActiveCfg = Release|Win32
		{262CB8A7-3E24-45F9-9B8C-759ED81368A9}.Release|x64.ActiveCfg = Release|x64
		{262CB8A7-3E24-45F9-9B8C-759ED81368A9}.Release|x64.Build.0 = Release|x64
		{262CB8A7-3E24-45F9-9B8C-759ED81368A9}.Release|x86.ActiveCfg = Release|Win32
		{262CB8A7-3E24-45F9-9B8C-759ED81368A9}.Release|x86.Build.0 = Release|Win32
		{19ACA9EF-1E77-463E-8C26-5606CF2B4564}.Debug|Any CPU.ActiveCfg = Debug|Win32
		{19ACA9EF-1E77-463E-8C26-5606CF2B4564}.Debug|x64.ActiveCfg = Debug|x64
		{19ACA9EF-1E77-463E-8C26-5606CF2B4564}.Debug|x64.Build.0 = Debug|x64
		{19ACA9EF-1E77-463E-8C26-5606CF2B4564}.Debug|x86.ActiveCfg = Debug|Win32
		{19ACA9EF-1E77-463E-8C26-5606CF2B4564}.Debug|x86.Build.0 = Debug|Win32
		{19ACA9EF-1E77-463E-8C26-5606CF2B4564}.Release|Any CPU.ActiveCfg = Release|Win32
		{19ACA9EF-1E77-463E-8C26-5606CF2B4564}.Release|x64.ActiveCfg = Release|x64
		{19ACA9EF-1E77-463E-8C26-5606CF2B4564}.Release|x64.Build.0 = Release|x64
		{19ACA9EF-1E77-463E-8C26-5606CF2B4564}.Release|x86.ActiveCfg = Release|Win32
		{19ACA9EF-1E77-463E-8C26-5606CF2B4564}.Release|x86.Build.0 = Release|Win32
		{4CE1F7E4-64B0-4C15-843A-8BA4BFF7CC54}.Debug|Any CPU.ActiveCfg = Debug|Any CPU
		{4CE1F7E4-64B0-4C15-843A-8BA4BFF7CC54}.Debug|Any CPU.Build.0 = Debug|Any CPU
		{4CE1F7E4-64B0-4C15-843A-8BA4BFF7CC54}.Debug|x64.ActiveCfg = Debug|Any CPU
		{4CE1F7E4-64B0-4C15-843A-8BA4BFF7CC54}.Debug|x64.Build.0 = Debug|Any CPU
		{4CE1F7E4-64B0-4C15-843A-8BA4BFF7CC54}.Debug|x86.ActiveCfg = Debug|Any CPU
		{4CE1F7E4-64B0-4C15-843A-8BA4BFF7CC54}.Debug|x86.Build.0 = Debug|Any CPU
		{4CE1F7E4-64B0-4C15-843A-8BA4BFF7CC54}.Release|Any CPU.ActiveCfg = Release|Any CPU
		{4CE1F7E4-64B0-4C15-843A-8BA4BFF7CC54}.Release|Any CPU.Build.0 = Release|Any CPU
		{4CE1F7E4-64B0-4C15-843A-8BA4BFF7CC54}.Release|x64.ActiveCfg = Release|Any CPU
		{4CE1F7E4-64B0-4C15-843A-8BA4BFF7CC54}.Release|x64.Build.0 = Release|Any CPU
		{4CE1F7E4-64B0-4C15-843A-8BA4BFF7CC54}.Release|x86.ActiveCfg = Release|Any CPU
		{4CE1F7E4-64B0-4C15-843A-8BA4BFF7CC54}.Release|x86.Build.0 = Release|Any CPU
	EndGlobalSection
	GlobalSection(SolutionProperties) = preSolution
		HideSolutionNode = FALSE
	EndGlobalSection
	GlobalSection(ExtensibilityGlobals) = postSolution
		SolutionGuid = {1BD7AC52-1B33-4DB9-AB29-AF902EDFF9E3}
	EndGlobalSection
EndGlobal
